{
  "name": "omega-modules",
  "version": "1.0.0",
  "lockfileVersion": 3,
  "requires": true,
  "packages": {
    "": {
      "name": "omega-modules",
      "version": "1.0.0",
      "dependencies": {
        "omega-modules": "github:drouinator/omega-modules"
      },
      "devDependencies": {
        "typescript": "^5.8.2"
      }
    },
    "node_modules/omega-modules": {
      "version": "1.0.0",
      "resolved": "git+ssh://git@github.com/drouinator/omega-modules.git#91f39c2b8eded937ae4df50427cc628da7cf093b"
    },
    "node_modules/typescript": {
      "version": "5.8.2",
      "resolved": "https://registry.npmjs.org/typescript/-/typescript-5.8.2.tgz",
      "integrity": "sha512-aJn6wq13/afZp/jT9QZmwEjDqqvSGp1VT5GVg+f/t6/oVyrgXM6BY1h9BRh/O5p3PlUPAe+WuiEZOmb/49RqoQ==",
      "dev": true,
      "license": "Apache-2.0",
      "bin": {
        "tsc": "bin/tsc",
        "tsserver": "bin/tsserver"
      },
      "engines": {
        "node": ">=14.17"
      }
    }
  }
}
